// !$*UTF8*$!
{
	archiveVersion = 1;
	classes = {
	};
	objectVersion = 56;
	objects = {

/* Begin PBXBuildFile section */
		C50AA40D2C7E61FF00CD7494 /* Desafio05App.swift in Sources */ = {isa = PBXBuildFile; fileRef = C50AA40C2C7E61FF00CD7494 /* Desafio05App.swift */; };
		C50AA40F2C7E61FF00CD7494 /* ContentView.swift in Sources */ = {isa = PBXBuildFile; fileRef = C50AA40E2C7E61FF00CD7494 /* ContentView.swift */; };
		C50AA4112C7E620100CD7494 /* Assets.xcassets in Resources */ = {isa = PBXBuildFile; fileRef = C50AA4102C7E620100CD7494 /* Assets.xcassets */; };
		C50AA4142C7E620100CD7494 /* Preview Assets.xcassets in Resources */ = {isa = PBXBuildFile; fileRef = C50AA4132C7E620100CD7494 /* Preview Assets.xcassets */; };
		C50AA41B2C7E628200CD7494 /* Tela02.swift in Sources */ = {isa = PBXBuildFile; fileRef = C50AA41A2C7E628200CD7494 /* Tela02.swift */; };
		C50AA41D2C7E68E700CD7494 /* Tela03.swift in Sources */ = {isa = PBXBuildFile; fileRef = C50AA41C2C7E68E700CD7494 /* Tela03.swift */; };
		C50AA41F2C7F8F9600CD7494 /* Tela01.swift in Sources */ = {isa = PBXBuildFile; fileRef = C50AA41E2C7F8F9600CD7494 /* Tela01.swift */; };
		C50AA4212C7F91A600CD7494 /* Tela04.swift in Sources */ = {isa = PBXBuildFile; fileRef = C50AA4202C7F91A600CD7494 /* Tela04.swift */; };
/* End PBXBuildFile section */

/* Begin PBXFileReference section */
		C50AA4092C7E61FF00CD7494 /* Desafio05.app */ = {isa = PBXFileReference; explicitFileType = wrapper.application; includeInIndex = 0; path = Desafio05.app; sourceTree = BUILT_PRODUCTS_DIR; };
		C50AA40C2C7E61FF00CD7494 /* Desafio05App.swift */ = {isa = PBXFileReference; lastKnownFileType = sourcecode.swift; path = Desafio05App.swift; sourceTree = "<group>"; };
		C50AA40E2C7E61FF00CD7494 /* ContentView.swift */ = {isa = PBXFileReference; lastKnownFileType = sourcecode.swift; path = ContentView.swift; sourceTree = "<group>"; };
		C50AA4102C7E620100CD7494 /* Assets.xcassets */ = {isa = PBXFileReference; lastKnownFileType = folder.assetcatalog; path = Assets.xcassets; sourceTree = "<group>"; };
		C50AA4132C7E620100CD7494 /* Preview Assets.xcassets */ = {isa = PBXFileReference; lastKnownFileType = folder.assetcatalog; path = "Preview Assets.xcassets"; sourceTree = "<group>"; };
		C50AA41A2C7E628200CD7494 /* Tela02.swift */ = {isa = PBXFileReference; lastKnownFileType = sourcecode.swift; path = Tela02.swift; sourceTree = "<group>"; };
		C50AA41C2C7E68E700CD7494 /* Tela03.swift */ = {isa = PBXFileReference; lastKnownFileType = sourcecode.swift; path = Tela03.swift; sourceTree = "<group>"; };
		C50AA41E2C7F8F9600CD7494 /* Tela01.swift */ = {isa = PBXFileReference; lastKnownFileType = sourcecode.swift; path = Tela01.swift; sourceTree = "<group>"; };
		C50AA4202C7F91A600CD7494 /* Tela04.swift */ = {isa = PBXFileReference; lastKnownFileType = sourcecode.swift; path = Tela04.swift; sourceTree = "<group>"; };
/* End PBXFileReference section */

/* Begin PBXFrameworksBuildPhase section */
		C50AA4062C7E61FF00CD7494 /* Frameworks */ = {
			isa = PBXFrameworksBuildPhase;
			buildActionMask = 2147483647;
			files = (
			);
			runOnlyForDeploymentPostprocessing = 0;
		};
/* End PBXFrameworksBuildPhase section */

/* Begin PBXGroup section */
		C50AA4002C7E61FF00CD7494 = {
			isa = PBXGroup;
			children = (
				C50AA40B2C7E61FF00CD7494 /* Desafio05 */,
				C50AA40A2C7E61FF00CD7494 /* Products */,
			);
			sourceTree = "<group>";
		};
		C50AA40A2C7E61FF00CD7494 /* Products */ = {
			isa = PBXGroup;
			children = (
				C50AA4092C7E61FF00CD7494 /* Desafio05.app */,
			);
			name = Products;
			sourceTree = "<group>";
		};
		C50AA40B2C7E61FF00CD7494 /* Desafio05 */ = {
			isa = PBXGroup;
			children = (
				C50AA40C2C7E61FF00CD7494 /* Desafio05App.swift */,
				C50AA40E2C7E61FF00CD7494 /* ContentView.swift */,
				C50AA41E2C7F8F9600CD7494 /* Tela01.swift */,
				C50AA41A2C7E628200CD7494 /* Tela02.swift */,
				C50AA41C2C7E68E700CD7494 /* Tela03.swift */,
				C50AA4202C7F91A600CD7494 /* Tela04.swift */,
				C50AA4102C7E620100CD7494 /* Assets.xcassets */,
				C50AA4122C7E620100CD7494 /* Preview Content */,
			);
			path = Desafio05;
			sourceTree = "<group>";
		};
		C50AA4122C7E620100CD7494 /* Preview Content */ = {
			isa = PBXGroup;
			children = (
				C50AA4132C7E620100CD7494 /* Preview Assets.xcassets */,
			);
			path = "Preview Content";
			sourceTree = "<group>";
		};
/* End PBXGroup section */

/* Begin PBXNativeTarget section */
		C50AA4082C7E61FF00CD7494 /* Desafio05 */ = {
			isa = PBXNativeTarget;
			buildConfigurationList = C50AA4172C7E620100CD7494 /* Build configuration list for PBXNativeTarget "Desafio05" */;
			buildPhases = (
				C50AA4052C7E61FF00CD7494 /* Sources */,
				C50AA4062C7E61FF00CD7494 /* Frameworks */,
				C50AA4072C7E61FF00CD7494 /* Resources */,
			);
			buildRules = (
			);
			dependencies = (
			);
			name = Desafio05;
			productName = Desafio05;
			productReference = C50AA4092C7E61FF00CD7494 /* Desafio05.app */;
			productType = "com.apple.product-type.application";
		};
/* End PBXNativeTarget section */

/* Begin PBXProject section */
		C50AA4012C7E61FF00CD7494 /* Project object */ = {
			isa = PBXProject;
			attributes = {
				BuildIndependentTargetsInParallel = 1;
				LastSwiftUpdateCheck = 1540;
				LastUpgradeCheck = 1540;
				TargetAttributes = {
					C50AA4082C7E61FF00CD7494 = {
						CreatedOnToolsVersion = 15.4;
					};
				};
			};
			buildConfigurationList = C50AA4042C7E61FF00CD7494 /* Build configuration list for PBXProject "Desafio05" */;
			compatibilityVersion = "Xcode 14.0";
			developmentRegion = en;
			hasScannedForEncodings = 0;
			knownRegions = (
				en,
				Base,
			);
			mainGroup = C50AA4002C7E61FF00CD7494;
			productRefGroup = C50AA40A2C7E61FF00CD7494 /* Products */;
			projectDirPath = "";
			projectRoot = "";
			targets = (
				C50AA4082C7E61FF00CD7494 /* Desafio05 */,
			);
		};
/* End PBXProject section */

/* Begin PBXResourcesBuildPhase section */
		C50AA4072C7E61FF00CD7494 /* Resources */ = {
			isa = PBXResourcesBuildPhase;
			buildActionMask = 2147483647;
			files = (
				C50AA4142C7E620100CD7494 /* Preview Assets.xcassets in Resources */,
				C50AA4112C7E620100CD7494 /* Assets.xcassets in Resources */,
			);
			runOnlyForDeploymentPostprocessing = 0;
		};
/* End PBXResourcesBuildPhase section */

/* Begin PBXSourcesBuildPhase section */
		C50AA4052C7E61FF00CD7494 /* Sources */ = {
			isa = PBXSourcesBuildPhase;
			buildActionMask = 2147483647;
			files = (
				C50AA41D2C7E68E700CD7494 /* Tela03.swift in Sources */,
				C50AA40F2C7E61FF00CD7494 /* ContentView.swift in Sources */,
				C50AA40D2C7E61FF00CD7494 /* Desafio05App.swift in Sources */,
				C50AA41B2C7E628200CD7494 /* Tela02.swift in Sources */,
				C50AA41F2C7F8F9600CD7494 /* Tela01.swift in Sources */,
				C50AA4212C7F91A600CD7494 /* Tela04.swift in Sources */,
			);
			runOnlyForDeploymentPostprocessing = 0;
		};
/* End PBXSourcesBuildPhase section */

/* Begin XCBuildConfiguration section */
		C50AA4152C7E620100CD7494 /* Debug */ = {
			isa = XCBuildConfiguration;
			buildSettings = {
				ALWAYS_SEARCH_USER_PATHS = NO;
				ASSETCATALOG_COMPILER_GENERATE_SWIFT_ASSET_SYMBOL_EXTENSIONS = YES;
				CLANG_ANALYZER_NONNULL = YES;
				CLANG_ANALYZER_NUMBER_OBJECT_CONVERSION = YES_AGGRESSIVE;
				CLANG_CXX_LANGUAGE_STANDARD = "gnu++20";
				CLANG_ENABLE_MODULES = YES;
				CLANG_ENABLE_OBJC_ARC = YES;
				CLANG_ENABLE_OBJC_WEAK = YES;
				CLANG_WARN_BLOCK_CAPTURE_AUTORELEASING = YES;
				CLANG_WARN_BOOL_CONVERSION = YES;
				CLANG_WARN_COMMA = YES;
				CLANG_WARN_CONSTANT_CONVERSION = YES;
				CLANG_WARN_DEPRECATED_OBJC_IMPLEMENTATIONS = YES;
				CLANG_WARN_DIRECT_OBJC_ISA_USAGE = YES_ERROR;
				CLANG_WARN_DOCUMENTATION_COMMENTS = YES;
				CLANG_WARN_EMPTY_BODY = YES;
				CLANG_WARN_ENUM_CONVERSION = YES;
				CLANG_WARN_INFINITE_RECURSION = YES;
				CLANG_WARN_INT_CONVERSION = YES;
				CLANG_WARN_NON_LITERAL_NULL_CONVERSION = YES;
				CLANG_WARN_OBJC_IMPLICIT_RETAIN_SELF = YES;
				CLANG_WARN_OBJC_LITERAL_CONVERSION = YES;
				CLANG_WARN_OBJC_ROOT_CLASS = YES_ERROR;
				CLANG_WARN_QUOTED_INCLUDE_IN_FRAMEWORK_HEADER = YES;
				CLANG_WARN_RANGE_LOOP_ANALYSIS = YES;
				CLANG_WARN_STRICT_PROTOTYPES = YES;
				CLANG_WARN_SUSPICIOUS_MOVE = YES;
				CLANG_WARN_UNGUARDED_AVAILABILITY = YES_AGGRESSIVE;
				CLANG_WARN_UNREACHABLE_CODE = YES;
				CLANG_WARN__DUPLICATE_METHOD_MATCH = YES;
				COPY_PHASE_STRIP = NO;
				DEBUG_INFORMATION_FORMAT = dwarf;
				ENABLE_STRICT_OBJC_MSGSEND = YES;
				ENABLE_TESTABILITY = YES;
				ENABLE_USER_SCRIPT_SANDBOXING = YES;
				GCC_C_LANGUAGE_STANDARD = gnu17;
				GCC_DYNAMIC_NO_PIC = NO;
				GCC_NO_COMMON_BLOCKS = YES;
				GCC_OPTIMIZATION_LEVEL = 0;
				GCC_PREPROCESSOR_DEFINITIONS = (
					"DEBUG=1",
					"$(inherited)",
				);
				GCC_WARN_64_TO_32_BIT_CONVERSION = YES;
				GCC_WARN_ABOUT_RETURN_TYPE = YES_ERROR;
				GCC_WARN_UNDECLARED_SELECTOR = YES;
				GCC_WARN_UNINITIALIZED_AUTOS = YES_AGGRESSIVE;
				GCC_WARN_UNUSED_FUNCTION = YES;
				GCC_WARN_UNUSED_VARIABLE = YES;
				IPHONEOS_DEPLOYMENT_TARGET = 17.5;
				LOCALIZATION_PREFERS_STRING_CATALOGS = YES;
				MTL_ENABLE_DEBUG_INFO = INCLUDE_SOURCE;
				MTL_FAST_MATH = YES;
				ONLY_ACTIVE_ARCH = YES;
				SDKROOT = iphoneos;
				SWIFT_ACTIVE_COMPILATION_CONDITIONS = "DEBUG $(inherited)";
				SWIFT_OPTIMIZATION_LEVEL = "-Onone";
			};
			name = Debug;
		};
		C50AA4162C7E620100CD7494 /* Release */ = {
			isa = XCBuildConfiguration;
			buildSettings = {
				ALWAYS_SEARCH_USER_PATHS = NO;
				ASSETCATALOG_COMPILER_GENERATE_SWIFT_ASSET_SYMBOL_EXTENSIONS = YES;
				CLANG_ANALYZER_NONNULL = YES;
				CLANG_ANALYZER_NUMBER_OBJECT_CONVERSION = YES_AGGRESSIVE;
				CLANG_CXX_LANGUAGE_STANDARD = "gnu++20";
				CLANG_ENABLE_MODULES = YES;
				CLANG_ENABLE_OBJC_ARC = YES;
				CLANG_ENABLE_OBJC_WEAK = YES;
				CLANG_WARN_BLOCK_CAPTURE_AUTORELEASING = YES;
				CLANG_WARN_BOOL_CONVERSION = YES;
				CLANG_WARN_COMMA = YES;
				CLANG_WARN_CONSTANT_CONVERSION = YES;
				CLANG_WARN_DEPRECATED_OBJC_IMPLEMENTATIONS = YES;
				CLANG_WARN_DIRECT_OBJC_ISA_USAGE = YES_ERROR;
				CLANG_WARN_DOCUMENTATION_COMMENTS = YES;
				CLANG_WARN_EMPTY_BODY = YES;
				CLANG_WARN_ENUM_CONVERSION = YES;
				CLANG_WARN_INFINITE_RECURSION = YES;
				CLANG_WARN_INT_CONVERSION = YES;
				CLANG_WARN_NON_LITERAL_NULL_CONVERSION = YES;
				CLANG_WARN_OBJC_IMPLICIT_RETAIN_SELF = YES;
				CLANG_WARN_OBJC_LITERAL_CONVERSION = YES;
				CLANG_WARN_OBJC_ROOT_CLASS = YES_ERROR;
				CLANG_WARN_QUOTED_INCLUDE_IN_FRAMEWORK_HEADER = YES;
				CLANG_WARN_RANGE_LOOP_ANALYSIS = YES;
				CLANG_WARN_STRICT_PROTOTYPES = YES;
				CLANG_WARN_SUSPICIOUS_MOVE = YES;
				CLANG_WARN_UNGUARDED_AVAILABILITY = YES_AGGRESSIVE;
				CLANG_WARN_UNREACHABLE_CODE = YES;
				CLANG_WARN__DUPLICATE_METHOD_MATCH = YES;
				COPY_PHASE_STRIP = NO;
				DEBUG_INFORMATION_FORMAT = "dwarf-with-dsym";
				ENABLE_NS_ASSERTIONS = NO;
				ENABLE_STRICT_OBJC_MSGSEND = YES;
				ENABLE_USER_SCRIPT_SANDBOXING = YES;
				GCC_C_LANGUAGE_STANDARD = gnu17;
				GCC_NO_COMMON_BLOCKS = YES;
				GCC_WARN_64_TO_32_BIT_CONVERSION = YES;
				GCC_WARN_ABOUT_RETURN_TYPE = YES_ERROR;
				GCC_WARN_UNDECLARED_SELECTOR = YES;
				GCC_WARN_UNINITIALIZED_AUTOS = YES_AGGRESSIVE;
				GCC_WARN_UNUSED_FUNCTION = YES;
				GCC_WARN_UNUSED_VARIABLE = YES;
				IPHONEOS_DEPLOYMENT_TARGET = 17.5;
				LOCALIZATION_PREFERS_STRING_CATALOGS = YES;
				MTL_ENABLE_DEBUG_INFO = NO;
				MTL_FAST_MATH = YES;
				SDKROOT = iphoneos;
				SWIFT_COMPILATION_MODE = wholemodule;
				VALIDATE_PRODUCT = YES;
			};
			name = Release;
		};
		C50AA4182C7E620100CD7494 /* Debug */ = {
			isa = XCBuildConfiguration;
			buildSettings = {
				ASSETCATALOG_COMPILER_APPICON_NAME = AppIcon;
				ASSETCATALOG_COMPILER_GLOBAL_ACCENT_COLOR_NAME = AccentColor;
				CODE_SIGN_STYLE = Automatic;
				CURRENT_PROJECT_VERSION = 1;
				DEVELOPMENT_ASSET_PATHS = "\"Desafio05/Preview Content\"";
				ENABLE_PREVIEWS = YES;
				GENERATE_INFOPLIST_FILE = YES;
				INFOPLIST_KEY_UIApplicationSceneManifest_Generation = YES;
				INFOPLIST_KEY_UIApplicationSupportsIndirectInputEvents = YES;
				INFOPLIST_KEY_UILaunchScreen_Generation = YES;
				INFOPLIST_KEY_UISupportedInterfaceOrientations_iPad = "UIInterfaceOrientationPortrait UIInterfaceOrientationPortraitUpsideDown UIInterfaceOrientationLandscapeLeft UIInterfaceOrientationLandscapeRight";
				INFOPLIST_KEY_UISupportedInterfaceOrientations_iPhone = "UIInterfaceOrientationPortrait UIInterfaceOrientationLandscapeLeft UIInterfaceOrientationLandscapeRight";
				LD_RUNPATH_SEARCH_PATHS = (
					"$(inherited)",
					"@executable_path/Frameworks",
				);
				MARKETING_VERSION = 1.0;
				PRODUCT_BUNDLE_IDENTIFIER = rubens.UFCA.Desafio05;
				PRODUCT_NAME = "$(TARGET_NAME)";
				SWIFT_EMIT_LOC_STRINGS = YES;
				SWIFT_VERSION = 5.0;
				TARGETED_DEVICE_FAMILY = "1,2";
			};
			name = Debug;
		};
		C50AA4192C7E620100CD7494 /* Release */ = {
			isa = XCBuildConfiguration;
			buildSettings = {
				ASSETCATALOG_COMPILER_APPICON_NAME = AppIcon;
				ASSETCATALOG_COMPILER_GLOBAL_ACCENT_COLOR_NAME = AccentColor;
				CODE_SIGN_STYLE = Automatic;
				CURRENT_PROJECT_VERSION = 1;
				DEVELOPMENT_ASSET_PATHS = "\"Desafio05/Preview Content\"";
				ENABLE_PREVIEWS = YES;
				GENERATE_INFOPLIST_FILE = YES;
				INFOPLIST_KEY_UIApplicationSceneManifest_Generation = YES;
				INFOPLIST_KEY_UIApplicationSupportsIndirectInputEvents = YES;
				INFOPLIST_KEY_UILaunchScreen_Generation = YES;
				INFOPLIST_KEY_UISupportedInterfaceOrientations_iPad = "UIInterfaceOrientationPortrait UIInterfaceOrientationPortraitUpsideDown UIInterfaceOrientationLandscapeLeft UIInterfaceOrientationLandscapeRight";
				INFOPLIST_KEY_UISupportedInterfaceOrientations_iPhone = "UIInterfaceOrientationPortrait UIInterfaceOrientationLandscapeLeft UIInterfaceOrientationLandscapeRight";
				LD_RUNPATH_SEARCH_PATHS = (
					"$(inherited)",
					"@executable_path/Frameworks",
				);
				MARKETING_VERSION = 1.0;
				PRODUCT_BUNDLE_IDENTIFIER = rubens.UFCA.Desafio05;
				PRODUCT_NAME = "$(TARGET_NAME)";
				SWIFT_EMIT_LOC_STRINGS = YES;
				SWIFT_VERSION = 5.0;
				TARGETED_DEVICE_FAMILY = "1,2";
			};
			name = Release;
		};
/* End XCBuildConfiguration section */

/* Begin XCConfigurationList section */
		C50AA4042C7E61FF00CD7494 /* Build configuration list for PBXProject "Desafio05" */ = {
			isa = XCConfigurationList;
			buildConfigurations = (
				C50AA4152C7E620100CD7494 /* Debug */,
				C50AA4162C7E620100CD7494 /* Release */,
			);
			defaultConfigurationIsVisible = 0;
			defaultConfigurationName = Release;
		};
		C50AA4172C7E620100CD7494 /* Build configuration list for PBXNativeTarget "Desafio05" */ = {
			isa = XCConfigurationList;
			buildConfigurations = (
				C50AA4182C7E620100CD7494 /* Debug */,
				C50AA4192C7E620100CD7494 /* Release */,
			);
			defaultConfigurationIsVisible = 0;
			defaultConfigurationName = Release;
		};
/* End XCConfigurationList section */
	};
	rootObject = C50AA4012C7E61FF00CD7494 /* Project object */;
}
